version: 1.0
shards:
  ameba:
    github: veelenga/ameba
    version: 0.10.1

  crystal-rethinkdb:
    github: aca-labs/crystal-rethinkdb
    commit: 8155487b5cdbced9fd84cc242d459bcb9cd3b015

  habitat:
    github: luckyframework/habitat
    version: 0.4.3

  retriable:
    github: sija/retriable.cr
    version: 0.2.0

